# This file is generated by running "yarn install" inside your project.
# Manual changes might be lost - proceed with caution!

__metadata:
  version: 6
  cacheKey: 8

"ansi-escapes@npm:^5.0.0":
  version: 5.0.0
  resolution: "ansi-escapes@npm:5.0.0"
  dependencies:
    type-fest: ^1.0.2
  checksum: d4b5eb8207df38367945f5dd2ef41e08c28edc192dc766ef18af6b53736682f49d8bfcfa4e4d6ecbc2e2f97c258fda084fb29a9e43b69170b71090f771afccac
  languageName: node
  linkType: hard

"ansi-regex@npm:^6.0.1":
  version: 6.0.1
  resolution: "ansi-regex@npm:6.0.1"
  checksum: 1ff8b7667cded1de4fa2c9ae283e979fc87036864317da86a2e546725f96406746411d0d85e87a2d12fa5abd715d90006de7fa4fa0477c92321ad3b4c7d4e169
  languageName: node
  linkType: hard

"ansi-styles@npm:^6.0.0, ansi-styles@npm:^6.1.0":
  version: 6.2.1
  resolution: "ansi-styles@npm:6.2.1"
  checksum: ef940f2f0ced1a6347398da88a91da7930c33ecac3c77b72c5905f8b8fe402c52e6fde304ff5347f616e27a742da3f1dc76de98f6866c69251ad0b07a66776d9
  languageName: node
  linkType: hard

"braces@npm:^3.0.2":
  version: 3.0.2
  resolution: "braces@npm:3.0.2"
  dependencies:
    fill-range: ^7.0.1
  checksum: e2a8e769a863f3d4ee887b5fe21f63193a891c68b612ddb4b68d82d1b5f3ff9073af066c343e9867a393fe4c2555dcb33e89b937195feb9c1613d259edfcd459
  languageName: node
  linkType: hard

"chalk@npm:5.3.0":
  version: 5.3.0
  resolution: "chalk@npm:5.3.0"
  checksum: 623922e077b7d1e9dedaea6f8b9e9352921f8ae3afe739132e0e00c275971bdd331268183b2628cf4ab1727c45ea1f28d7e24ac23ce1db1eb653c414ca8a5a80
  languageName: node
  linkType: hard

"cli-cursor@npm:^4.0.0":
  version: 4.0.0
  resolution: "cli-cursor@npm:4.0.0"
  dependencies:
    restore-cursor: ^4.0.0
  checksum: ab3f3ea2076e2176a1da29f9d64f72ec3efad51c0960898b56c8a17671365c26e67b735920530eaf7328d61f8bd41c27f46b9cf6e4e10fe2fa44b5e8c0e392cc
  languageName: node
  linkType: hard

"cli-truncate@npm:^3.1.0":
  version: 3.1.0
  resolution: "cli-truncate@npm:3.1.0"
  dependencies:
    slice-ansi: ^5.0.0
    string-width: ^5.0.0
  checksum: c3243e41974445691c63f8b405df1d5a24049dc33d324fe448dc572e561a7b772ae982692900b1a5960901cc4fc7def25a629b9c69a4208ee89d12ab3332617a
  languageName: node
  linkType: hard

"colorette@npm:^2.0.20":
  version: 2.0.20
  resolution: "colorette@npm:2.0.20"
  checksum: 0c016fea2b91b733eb9f4bcdb580018f52c0bc0979443dad930e5037a968237ac53d9beb98e218d2e9235834f8eebce7f8e080422d6194e957454255bde71d3d
  languageName: node
  linkType: hard

"commander@npm:11.0.0":
  version: 11.0.0
  resolution: "commander@npm:11.0.0"
  checksum: 6621954e1e1d078b4991c1f5bbd9439ad37aa7768d6ab4842de1dbd4d222c8a27e1b8e62108b3a92988614af45031d5bb2a2aaa92951f4d0c934d1a1ac564bb4
  languageName: node
  linkType: hard

"cross-spawn@npm:^7.0.3":
  version: 7.0.3
  resolution: "cross-spawn@npm:7.0.3"
  dependencies:
    path-key: ^3.1.0
    shebang-command: ^2.0.0
    which: ^2.0.1
  checksum: 671cc7c7288c3a8406f3c69a3ae2fc85555c04169e9d611def9a675635472614f1c0ed0ef80955d5b6d4e724f6ced67f0ad1bb006c2ea643488fcfef994d7f52
  languageName: node
  linkType: hard

"debug@npm:4.3.4":
  version: 4.3.4
  resolution: "debug@npm:4.3.4"
  dependencies:
    ms: 2.1.2
  peerDependenciesMeta:
    supports-color:
      optional: true
  checksum: 3dbad3f94ea64f34431a9cbf0bafb61853eda57bff2880036153438f50fb5a84f27683ba0d8e5426bf41a8c6ff03879488120cf5b3a761e77953169c0600a708
  languageName: node
  linkType: hard

"eastasianwidth@npm:^0.2.0":
  version: 0.2.0
  resolution: "eastasianwidth@npm:0.2.0"
  checksum: 7d00d7cd8e49b9afa762a813faac332dee781932d6f2c848dc348939c4253f1d4564341b7af1d041853bc3f32c2ef141b58e0a4d9862c17a7f08f68df1e0f1ed
  languageName: node
  linkType: hard

"emoji-regex@npm:^9.2.2":
  version: 9.2.2
  resolution: "emoji-regex@npm:9.2.2"
  checksum: 8487182da74aabd810ac6d6f1994111dfc0e331b01271ae01ec1eb0ad7b5ecc2bbbbd2f053c05cb55a1ac30449527d819bbfbf0e3de1023db308cbcb47f86601
  languageName: node
  linkType: hard

"eventemitter3@npm:^5.0.1":
  version: 5.0.1
  resolution: "eventemitter3@npm:5.0.1"
  checksum: 543d6c858ab699303c3c32e0f0f47fc64d360bf73c3daf0ac0b5079710e340d6fe9f15487f94e66c629f5f82cd1a8678d692f3dbb6f6fcd1190e1b97fcad36f8
  languageName: node
  linkType: hard

"execa@npm:7.2.0":
  version: 7.2.0
  resolution: "execa@npm:7.2.0"
  dependencies:
    cross-spawn: ^7.0.3
    get-stream: ^6.0.1
    human-signals: ^4.3.0
    is-stream: ^3.0.0
    merge-stream: ^2.0.0
    npm-run-path: ^5.1.0
    onetime: ^6.0.0
    signal-exit: ^3.0.7
    strip-final-newline: ^3.0.0
  checksum: 14fd17ba0ca8c87b277584d93b1d9fc24f2a65e5152b31d5eb159a3b814854283eaae5f51efa9525e304447e2f757c691877f7adff8fde5746aae67eb1edd1cc
  languageName: node
  linkType: hard

"fill-range@npm:^7.0.1":
  version: 7.0.1
  resolution: "fill-range@npm:7.0.1"
  dependencies:
    to-regex-range: ^5.0.1
  checksum: cc283f4e65b504259e64fd969bcf4def4eb08d85565e906b7d36516e87819db52029a76b6363d0f02d0d532f0033c9603b9e2d943d56ee3b0d4f7ad3328ff917
  languageName: node
  linkType: hard

"get-stream@npm:^6.0.1":
  version: 6.0.1
  resolution: "get-stream@npm:6.0.1"
  checksum: e04ecece32c92eebf5b8c940f51468cd53554dcbb0ea725b2748be583c9523d00128137966afce410b9b051eb2ef16d657cd2b120ca8edafcf5a65e81af63cad
  languageName: node
  linkType: hard

"human-signals@npm:^4.3.0":
  version: 4.3.1
  resolution: "human-signals@npm:4.3.1"
  checksum: 6f12958df3f21b6fdaf02d90896c271df00636a31e2bbea05bddf817a35c66b38a6fdac5863e2df85bd52f34958997f1f50350ff97249e1dff8452865d5235d1
  languageName: node
  linkType: hard

"husky@npm:^8.0.3":
  version: 8.0.3
  resolution: "husky@npm:8.0.3"
  bin:
    husky: lib/bin.js
  checksum: 837bc7e4413e58c1f2946d38fb050f5d7324c6f16b0fd66411ffce5703b294bd21429e8ba58711cd331951ee86ed529c5be4f76805959ff668a337dbfa82a1b0
  languageName: node
  linkType: hard

"is-fullwidth-code-point@npm:^4.0.0":
  version: 4.0.0
  resolution: "is-fullwidth-code-point@npm:4.0.0"
  checksum: 8ae89bf5057bdf4f57b346fb6c55e9c3dd2549983d54191d722d5c739397a903012cc41a04ee3403fd872e811243ef91a7c5196da7b5841dc6b6aae31a264a8d
  languageName: node
  linkType: hard

"is-number@npm:^7.0.0":
  version: 7.0.0
  resolution: "is-number@npm:7.0.0"
  checksum: 456ac6f8e0f3111ed34668a624e45315201dff921e5ac181f8ec24923b99e9f32ca1a194912dc79d539c97d33dba17dc635202ff0b2cf98326f608323276d27a
  languageName: node
  linkType: hard

"is-stream@npm:^3.0.0":
  version: 3.0.0
  resolution: "is-stream@npm:3.0.0"
  checksum: 172093fe99119ffd07611ab6d1bcccfe8bc4aa80d864b15f43e63e54b7abc71e779acd69afdb854c4e2a67fdc16ae710e370eda40088d1cfc956a50ed82d8f16
  languageName: node
  linkType: hard

"isexe@npm:^2.0.0":
  version: 2.0.0
  resolution: "isexe@npm:2.0.0"
  checksum: 26bf6c5480dda5161c820c5b5c751ae1e766c587b1f951ea3fcfc973bafb7831ae5b54a31a69bd670220e42e99ec154475025a468eae58ea262f813fdc8d1c62
  languageName: node
  linkType: hard

"lilconfig@npm:2.1.0":
  version: 2.1.0
  resolution: "lilconfig@npm:2.1.0"
  checksum: 8549bb352b8192375fed4a74694cd61ad293904eee33f9d4866c2192865c44c4eb35d10782966242634e0cbc1e91fe62b1247f148dc5514918e3a966da7ea117
  languageName: node
  linkType: hard

"lint-staged@npm:^13.2.2":
  version: 13.3.0
  resolution: "lint-staged@npm:13.3.0"
  dependencies:
    chalk: 5.3.0
    commander: 11.0.0
    debug: 4.3.4
    execa: 7.2.0
    lilconfig: 2.1.0
    listr2: 6.6.1
    micromatch: 4.0.5
    pidtree: 0.6.0
    string-argv: 0.3.2
    yaml: 2.3.1
  bin:
    lint-staged: bin/lint-staged.js
  checksum: f7c146cc2849c9ce4f1d2808d990fcbdef5e0bb79e6e79cc895f53c91f5ac4dcefdb8c3465156b38a015dcb051f2795c6bda4f20a1e2f2fa654c7ba521b2d2e0
  languageName: node
  linkType: hard

"listr2@npm:6.6.1":
  version: 6.6.1
  resolution: "listr2@npm:6.6.1"
  dependencies:
    cli-truncate: ^3.1.0
    colorette: ^2.0.20
    eventemitter3: ^5.0.1
    log-update: ^5.0.1
    rfdc: ^1.3.0
    wrap-ansi: ^8.1.0
  peerDependencies:
    enquirer: ">= 2.3.0 < 3"
  peerDependenciesMeta:
    enquirer:
      optional: true
  checksum: 99600e8a51f838f7208bce7e16d6b3d91d361f13881e6aa91d0b561a9a093ddcf63b7bc2a7b47aec7fdbff9d0e8c9f68cb66e6dfe2d857e5b1df8ab045c26ce8
  languageName: node
  linkType: hard

"log-update@npm:^5.0.1":
  version: 5.0.1
  resolution: "log-update@npm:5.0.1"
  dependencies:
    ansi-escapes: ^5.0.0
    cli-cursor: ^4.0.0
    slice-ansi: ^5.0.0
    strip-ansi: ^7.0.1
    wrap-ansi: ^8.0.1
  checksum: 2c6b47dcce6f9233df6d232a37d9834cb3657a0749ef6398f1706118de74c55f158587d4128c225297ea66803f35c5ac3db4f3f617046d817233c45eedc32ef1
  languageName: node
  linkType: hard

"merge-stream@npm:^2.0.0":
  version: 2.0.0
  resolution: "merge-stream@npm:2.0.0"
  checksum: 6fa4dcc8d86629705cea944a4b88ef4cb0e07656ebf223fa287443256414283dd25d91c1cd84c77987f2aec5927af1a9db6085757cb43d90eb170ebf4b47f4f4
  languageName: node
  linkType: hard

"micromatch@npm:4.0.5":
  version: 4.0.5
  resolution: "micromatch@npm:4.0.5"
  dependencies:
    braces: ^3.0.2
    picomatch: ^2.3.1
  checksum: 02a17b671c06e8fefeeb6ef996119c1e597c942e632a21ef589154f23898c9c6a9858526246abb14f8bca6e77734aa9dcf65476fca47cedfb80d9577d52843fc
  languageName: node
  linkType: hard

"mimic-fn@npm:^2.1.0":
  version: 2.1.0
  resolution: "mimic-fn@npm:2.1.0"
  checksum: d2421a3444848ce7f84bd49115ddacff29c15745db73f54041edc906c14b131a38d05298dae3081667627a59b2eb1ca4b436ff2e1b80f69679522410418b478a
  languageName: node
  linkType: hard

"mimic-fn@npm:^4.0.0":
  version: 4.0.0
  resolution: "mimic-fn@npm:4.0.0"
  checksum: 995dcece15ee29aa16e188de6633d43a3db4611bcf93620e7e62109ec41c79c0f34277165b8ce5e361205049766e371851264c21ac64ca35499acb5421c2ba56
  languageName: node
  linkType: hard

"ms@npm:2.1.2":
  version: 2.1.2
  resolution: "ms@npm:2.1.2"
  checksum: 673cdb2c3133eb050c745908d8ce632ed2c02d85640e2edb3ace856a2266a813b30c613569bf3354fdf4ea7d1a1494add3bfa95e2713baa27d0c2c71fc44f58f
  languageName: node
  linkType: hard

"npm-run-path@npm:^5.1.0":
  version: 5.1.0
  resolution: "npm-run-path@npm:5.1.0"
  dependencies:
    path-key: ^4.0.0
  checksum: dc184eb5ec239d6a2b990b43236845332ef12f4e0beaa9701de724aa797fe40b6bbd0157fb7639d24d3ab13f5d5cf22d223a19c6300846b8126f335f788bee66
  languageName: node
  linkType: hard

"onetime@npm:^5.1.0":
  version: 5.1.2
  resolution: "onetime@npm:5.1.2"
  dependencies:
    mimic-fn: ^2.1.0
  checksum: 2478859ef817fc5d4e9c2f9e5728512ddd1dbc9fb7829ad263765bb6d3b91ce699d6e2332eef6b7dff183c2f490bd3349f1666427eaba4469fba0ac38dfd0d34
  languageName: node
  linkType: hard

"onetime@npm:^6.0.0":
  version: 6.0.0
  resolution: "onetime@npm:6.0.0"
  dependencies:
    mimic-fn: ^4.0.0
  checksum: 0846ce78e440841335d4e9182ef69d5762e9f38aa7499b19f42ea1c4cd40f0b4446094c455c713f9adac3f4ae86f613bb5e30c99e52652764d06a89f709b3788
  languageName: node
  linkType: hard

"path-key@npm:^3.1.0":
  version: 3.1.1
  resolution: "path-key@npm:3.1.1"
  checksum: 55cd7a9dd4b343412a8386a743f9c746ef196e57c823d90ca3ab917f90ab9f13dd0ded27252ba49dbdfcab2b091d998bc446f6220cd3cea65db407502a740020
  languageName: node
  linkType: hard

"path-key@npm:^4.0.0":
  version: 4.0.0
  resolution: "path-key@npm:4.0.0"
  checksum: 8e6c314ae6d16b83e93032c61020129f6f4484590a777eed709c4a01b50e498822b00f76ceaf94bc64dbd90b327df56ceadce27da3d83393790f1219e07721d7
  languageName: node
  linkType: hard

"picomatch@npm:^2.3.1":
  version: 2.3.1
  resolution: "picomatch@npm:2.3.1"
  checksum: 050c865ce81119c4822c45d3c84f1ced46f93a0126febae20737bd05ca20589c564d6e9226977df859ed5e03dc73f02584a2b0faad36e896936238238b0446cf
  languageName: node
  linkType: hard

"pidtree@npm:0.6.0":
  version: 0.6.0
  resolution: "pidtree@npm:0.6.0"
  bin:
    pidtree: bin/pidtree.js
  checksum: 8fbc073ede9209dd15e80d616e65eb674986c93be49f42d9ddde8dbbd141bb53d628a7ca4e58ab5c370bb00383f67d75df59a9a226dede8fa801267a7030c27a
  languageName: node
  linkType: hard

"prettier@npm:^2.8.8":
  version: 2.8.8
  resolution: "prettier@npm:2.8.8"
  bin:
    prettier: bin-prettier.js
  checksum: b49e409431bf129dd89238d64299ba80717b57ff5a6d1c1a8b1a28b590d998a34e083fa13573bc732bb8d2305becb4c9a4407f8486c81fa7d55100eb08263cf8
  languageName: node
  linkType: hard

"restore-cursor@npm:^4.0.0":
  version: 4.0.0
  resolution: "restore-cursor@npm:4.0.0"
  dependencies:
    onetime: ^5.1.0
    signal-exit: ^3.0.2
  checksum: 5b675c5a59763bf26e604289eab35711525f11388d77f409453904e1e69c0d37ae5889295706b2c81d23bd780165084d040f9b68fffc32cc921519031c4fa4af
  languageName: node
  linkType: hard

"rfdc@npm:^1.3.0":
  version: 1.3.0
  resolution: "rfdc@npm:1.3.0"
  checksum: fb2ba8512e43519983b4c61bd3fa77c0f410eff6bae68b08614437bc3f35f91362215f7b4a73cbda6f67330b5746ce07db5dd9850ad3edc91271ad6deea0df32
  languageName: node
  linkType: hard

"root-workspace-0b6124@workspace:.":
  version: 0.0.0-use.local
  resolution: "root-workspace-0b6124@workspace:."
  dependencies:
    husky: ^8.0.3
    lint-staged: ^13.2.2
    prettier: ^2.8.8
  languageName: unknown
  linkType: soft

"shebang-command@npm:^2.0.0":
  version: 2.0.0
  resolution: "shebang-command@npm:2.0.0"
  dependencies:
    shebang-regex: ^3.0.0
  checksum: 6b52fe87271c12968f6a054e60f6bde5f0f3d2db483a1e5c3e12d657c488a15474121a1d55cd958f6df026a54374ec38a4a963988c213b7570e1d51575cea7fa
  languageName: node
  linkType: hard

"shebang-regex@npm:^3.0.0":
  version: 3.0.0
  resolution: "shebang-regex@npm:3.0.0"
  checksum: 1a2bcae50de99034fcd92ad4212d8e01eedf52c7ec7830eedcf886622804fe36884278f2be8be0ea5fde3fd1c23911643a4e0f726c8685b61871c8908af01222
  languageName: node
  linkType: hard

"signal-exit@npm:^3.0.2, signal-exit@npm:^3.0.7":
  version: 3.0.7
  resolution: "signal-exit@npm:3.0.7"
  checksum: a2f098f247adc367dffc27845853e9959b9e88b01cb301658cfe4194352d8d2bb32e18467c786a7fe15f1d44b233ea35633d076d5e737870b7139949d1ab6318
  languageName: node
  linkType: hard

"slice-ansi@npm:^5.0.0":
  version: 5.0.0
  resolution: "slice-ansi@npm:5.0.0"
  dependencies:
    ansi-styles: ^6.0.0
    is-fullwidth-code-point: ^4.0.0
  checksum: 7e600a2a55e333a21ef5214b987c8358fe28bfb03c2867ff2cbf919d62143d1812ac27b4297a077fdaf27a03da3678e49551c93e35f9498a3d90221908a1180e
  languageName: node
  linkType: hard

"string-argv@npm:0.3.2":
  version: 0.3.2
  resolution: "string-argv@npm:0.3.2"
  checksum: 8703ad3f3db0b2641ed2adbb15cf24d3945070d9a751f9e74a924966db9f325ac755169007233e8985a39a6a292f14d4fee20482989b89b96e473c4221508a0f
  languageName: node
  linkType: hard

"string-width@npm:^5.0.0, string-width@npm:^5.0.1":
  version: 5.1.2
  resolution: "string-width@npm:5.1.2"
  dependencies:
    eastasianwidth: ^0.2.0
    emoji-regex: ^9.2.2
    strip-ansi: ^7.0.1
  checksum: 7369deaa29f21dda9a438686154b62c2c5f661f8dda60449088f9f980196f7908fc39fdd1803e3e01541970287cf5deae336798337e9319a7055af89dafa7193
  languageName: node
  linkType: hard

"strip-ansi@npm:^7.0.1":
  version: 7.0.1
  resolution: "strip-ansi@npm:7.0.1"
  dependencies:
    ansi-regex: ^6.0.1
  checksum: 257f78fa433520e7f9897722731d78599cb3fce29ff26a20a5e12ba4957463b50a01136f37c43707f4951817a75e90820174853d6ccc240997adc5df8f966039
  languageName: node
  linkType: hard

"strip-final-newline@npm:^3.0.0":
  version: 3.0.0
  resolution: "strip-final-newline@npm:3.0.0"
  checksum: 23ee263adfa2070cd0f23d1ac14e2ed2f000c9b44229aec9c799f1367ec001478469560abefd00c5c99ee6f0b31c137d53ec6029c53e9f32a93804e18c201050
  languageName: node
  linkType: hard

"to-regex-range@npm:^5.0.1":
  version: 5.0.1
  resolution: "to-regex-range@npm:5.0.1"
  dependencies:
    is-number: ^7.0.0
  checksum: f76fa01b3d5be85db6a2a143e24df9f60dd047d151062d0ba3df62953f2f697b16fe5dad9b0ac6191c7efc7b1d9dcaa4b768174b7b29da89d4428e64bc0a20ed
  languageName: node
  linkType: hard

"type-fest@npm:^1.0.2":
  version: 1.4.0
  resolution: "type-fest@npm:1.4.0"
  checksum: b011c3388665b097ae6a109a437a04d6f61d81b7357f74cbcb02246f2f5bd72b888ae33631b99871388122ba0a87f4ff1c94078e7119ff22c70e52c0ff828201
  languageName: node
  linkType: hard

"which@npm:^2.0.1":
  version: 2.0.2
  resolution: "which@npm:2.0.2"
  dependencies:
    isexe: ^2.0.0
  bin:
    node-which: ./bin/node-which
  checksum: 1a5c563d3c1b52d5f893c8b61afe11abc3bab4afac492e8da5bde69d550de701cf9806235f20a47b5c8fa8a1d6a9135841de2596535e998027a54589000e66d1
  languageName: node
  linkType: hard

"wrap-ansi@npm:^8.0.1, wrap-ansi@npm:^8.1.0":
  version: 8.1.0
  resolution: "wrap-ansi@npm:8.1.0"
  dependencies:
    ansi-styles: ^6.1.0
    string-width: ^5.0.1
    strip-ansi: ^7.0.1
  checksum: 371733296dc2d616900ce15a0049dca0ef67597d6394c57347ba334393599e800bab03c41d4d45221b6bc967b8c453ec3ae4749eff3894202d16800fdfe0e238
  languageName: node
  linkType: hard

"yaml@npm:2.3.1":
  version: 2.3.1
  resolution: "yaml@npm:2.3.1"
  checksum: 2c7bc9a7cd4c9f40d3b0b0a98e370781b68b8b7c4515720869aced2b00d92f5da1762b4ffa947f9e795d6cd6b19f410bd4d15fdd38aca7bd96df59bd9486fb54
  languageName: node
  linkType: hard
